
Microsoft Visual Studio Solution File, Format Version 12.00
# Visual Studio Version 16
VisualStudioVersion = 16.0.809.6
MinimumVisualStudioVersion = 10.0.40219.1
Project("{FAE04EC0-301F-11D3-BF4B-00C04F79EFBC}") = "SampleApp.Android", "SampleApp.Android\SampleApp.Android.csproj", "{027CCE49-277B-4D53-A037-EBFB34C9084D}"
EndProject
Project("{9A19103F-16F7-4668-BE54-9A1E7A4F7556}") = "SampleApp", "SampleApp\SampleApp.csproj", "{A6807979-77FA-44F5-8D61-F70172F0B231}"
EndProject
Global
	GlobalSection(SolutionConfigurationPlatforms) = preSolution
		Debug|Any CPU = Debug|Any CPU
		Release|Any CPU = Release|Any CPU
	EndGlobalSection
	GlobalSection(ProjectConfigurationPlatforms) = postSolution
		{027CCE49-277B-4D53-A037-EBFB34C9084D}.Debug|Any CPU.ActiveCfg = Debug|Any CPU
		{027CCE49-277B-4D53-A037-EBFB34C9084D}.Debug|Any CPU.Build.0 = Debug|Any CPU
		{027CCE49-277B-4D53-A037-EBFB34C9084D}.Debug|Any CPU.Deploy.0 = Debug|Any CPU
		{027CCE49-277B-4D53-A037-EBFB34C9084D}.Release|Any CPU.ActiveCfg = Release|Any CPU
		{027CCE49-277B-4D53-A037-EBFB34C9084D}.Release|Any CPU.Build.0 = Release|Any CPU
		{A6807979-77FA-44F5-8D61-F70172F0B231}.Debug|Any CPU.ActiveCfg = Debug|Any CPU
		{A6807979-77FA-44F5-8D61-F70172F0B231}.Debug|Any CPU.Build.0 = Debug|Any CPU
		{A6807979-77FA-44F5-8D61-F70172F0B231}.Release|Any CPU.ActiveCfg = Release|Any CPU
		{A6807979-77FA-44F5-8D61-F70172F0B231}.Release|Any CPU.Build.0 = Release|Any CPU
	EndGlobalSection
	GlobalSection(SolutionProperties) = preSolution
		HideSolutionNode = FALSE
	EndGlobalSection
	GlobalSection(ExtensibilityGlobals) = postSolution
		SolutionGuid = {5BA6E1D0-FB80-4D42-AE61-D58A25D77787}
	EndGlobalSection
EndGlobal
